
Microsoft Visual Studio Solution File, Format Version 12.00
# Visual Studio Version 17
VisualStudioVersion = 17.8.34309.116
MinimumVisualStudioVersion = 10.0.40219.1
Project("{FAE04EC0-301F-11D3-BF4B-00C04F79EFBC}") = "MauiAppMeuCombustivel", "MauiAppMeuCombustivel.csproj", "{353489E7-254C-4DE0-BE92-8EAB82C7A541}"
EndProject
Global
	GlobalSection(SolutionConfigurationPlatforms) = preSolution
		Debug|Any CPU = Debug|Any CPU
		Release|Any CPU = Release|Any CPU
	EndGlobalSection
	GlobalSection(ProjectConfigurationPlatforms) = postSolution
		{353489E7-254C-4DE0-BE92-8EAB82C7A541}.Debug|Any CPU.ActiveCfg = Debug|Any CPU
		{353489E7-254C-4DE0-BE92-8EAB82C7A541}.Debug|Any CPU.Build.0 = Debug|Any CPU
		{353489E7-254C-4DE0-BE92-8EAB82C7A541}.Debug|Any CPU.Deploy.0 = Debug|Any CPU
		{353489E7-254C-4DE0-BE92-8EAB82C7A541}.Release|Any CPU.ActiveCfg = Release|Any CPU
		{353489E7-254C-4DE0-BE92-8EAB82C7A541}.Release|Any CPU.Build.0 = Release|Any CPU
		{353489E7-254C-4DE0-BE92-8EAB82C7A541}.Release|Any CPU.Deploy.0 = Release|Any CPU
	EndGlobalSection
	GlobalSection(SolutionProperties) = preSolution
		HideSolutionNode = FALSE
	EndGlobalSection
	GlobalSection(ExtensibilityGlobals) = postSolution
		SolutionGuid = {CBFB377F-E6D5-47CD-A0DD-08BC3A9543F8}
	EndGlobalSection
EndGlobal
